// !$*UTF8*$!
{
	archiveVersion = 1;
	classes = {
	};
	objectVersion = 56;
	objects = {

/* Begin PBXBuildFile section */
		3724C4A12A4E871600738595 /* AppDelegate.swift in Sources */ = {isa = PBXBuildFile; fileRef = 3724C4A02A4E871600738595 /* AppDelegate.swift */; };
		3724C4A32A4E871600738595 /* SceneDelegate.swift in Sources */ = {isa = PBXBuildFile; fileRef = 3724C4A22A4E871600738595 /* SceneDelegate.swift */; };
		3724C4A82A4E871600738595 /* Main.storyboard in Resources */ = {isa = PBXBuildFile; fileRef = 3724C4A62A4E871600738595 /* Main.storyboard */; };
		3724C4AA2A4E871900738595 /* Assets.xcassets in Resources */ = {isa = PBXBuildFile; fileRef = 3724C4A92A4E871900738595 /* Assets.xcassets */; };
		3724C4AD2A4E871900738595 /* LaunchScreen.storyboard in Resources */ = {isa = PBXBuildFile; fileRef = 3724C4AB2A4E871900738595 /* LaunchScreen.storyboard */; };
		3724C4BE2A4E8D0A00738595 /* rodnik.otf in Resources */ = {isa = PBXBuildFile; fileRef = 3724C4BD2A4E8D0A00738595 /* rodnik.otf */; };
		374711D32A5165460087C466 /* MainTableViewController.swift in Sources */ = {isa = PBXBuildFile; fileRef = 374711D22A5165460087C466 /* MainTableViewController.swift */; };
		374711D52A5165C90087C466 /* Bukvitsa.swift in Sources */ = {isa = PBXBuildFile; fileRef = 374711D42A5165C90087C466 /* Bukvitsa.swift */; };
		374711D72A5166160087C466 /* DetailTableViewCell.swift in Sources */ = {isa = PBXBuildFile; fileRef = 374711D62A5166160087C466 /* DetailTableViewCell.swift */; };
		374711D92A517B5C0087C466 /* PageViewController.swift in Sources */ = {isa = PBXBuildFile; fileRef = 374711D82A517B5C0087C466 /* PageViewController.swift */; };
		374711DB2A517C040087C466 /* DetailViewController.swift in Sources */ = {isa = PBXBuildFile; fileRef = 374711DA2A517C040087C466 /* DetailViewController.swift */; };
		374711DD2A5189340087C466 /* TolkPageViewController.swift in Sources */ = {isa = PBXBuildFile; fileRef = 374711DC2A5189340087C466 /* TolkPageViewController.swift */; };
		374711DF2A5189730087C466 /* TolkViewController.swift in Sources */ = {isa = PBXBuildFile; fileRef = 374711DE2A5189730087C466 /* TolkViewController.swift */; };
		374711E12A5189970087C466 /* Matritsa.swift in Sources */ = {isa = PBXBuildFile; fileRef = 374711E02A5189970087C466 /* Matritsa.swift */; };
/* End PBXBuildFile section */

/* Begin PBXFileReference section */
		3724C49D2A4E871600738595 /* Bukvitsa.app */ = {isa = PBXFileReference; explicitFileType = wrapper.application; includeInIndex = 0; path = Bukvitsa.app; sourceTree = BUILT_PRODUCTS_DIR; };
		3724C4A02A4E871600738595 /* AppDelegate.swift */ = {isa = PBXFileReference; lastKnownFileType = sourcecode.swift; path = AppDelegate.swift; sourceTree = "<group>"; };
		3724C4A22A4E871600738595 /* SceneDelegate.swift */ = {isa = PBXFileReference; lastKnownFileType = sourcecode.swift; path = SceneDelegate.swift; sourceTree = "<group>"; };
		3724C4A72A4E871600738595 /* Base */ = {isa = PBXFileReference; lastKnownFileType = file.storyboard; name = Base; path = Base.lproj/Main.storyboard; sourceTree = "<group>"; };
		3724C4A92A4E871900738595 /* Assets.xcassets */ = {isa = PBXFileReference; lastKnownFileType = folder.assetcatalog; path = Assets.xcassets; sourceTree = "<group>"; };
		3724C4AC2A4E871900738595 /* Base */ = {isa = PBXFileReference; lastKnownFileType = file.storyboard; name = Base; path = Base.lproj/LaunchScreen.storyboard; sourceTree = "<group>"; };
		3724C4AE2A4E871900738595 /* Info.plist */ = {isa = PBXFileReference; lastKnownFileType = text.plist.xml; path = Info.plist; sourceTree = "<group>"; };
		3724C4BD2A4E8D0A00738595 /* rodnik.otf */ = {isa = PBXFileReference; lastKnownFileType = file; path = rodnik.otf; sourceTree = "<group>"; };
		374711D22A5165460087C466 /* MainTableViewController.swift */ = {isa = PBXFileReference; lastKnownFileType = sourcecode.swift; path = MainTableViewController.swift; sourceTree = "<group>"; };
		374711D42A5165C90087C466 /* Bukvitsa.swift */ = {isa = PBXFileReference; lastKnownFileType = sourcecode.swift; path = Bukvitsa.swift; sourceTree = "<group>"; };
		374711D62A5166160087C466 /* DetailTableViewCell.swift */ = {isa = PBXFileReference; lastKnownFileType = sourcecode.swift; path = DetailTableViewCell.swift; sourceTree = "<group>"; };
		374711D82A517B5C0087C466 /* PageViewController.swift */ = {isa = PBXFileReference; lastKnownFileType = sourcecode.swift; path = PageViewController.swift; sourceTree = "<group>"; };
		374711DA2A517C040087C466 /* DetailViewController.swift */ = {isa = PBXFileReference; lastKnownFileType = sourcecode.swift; path = DetailViewController.swift; sourceTree = "<group>"; };
		374711DC2A5189340087C466 /* TolkPageViewController.swift */ = {isa = PBXFileReference; lastKnownFileType = sourcecode.swift; path = TolkPageViewController.swift; sourceTree = "<group>"; };
		374711DE2A5189730087C466 /* TolkViewController.swift */ = {isa = PBXFileReference; lastKnownFileType = sourcecode.swift; path = TolkViewController.swift; sourceTree = "<group>"; };
		374711E02A5189970087C466 /* Matritsa.swift */ = {isa = PBXFileReference; lastKnownFileType = sourcecode.swift; path = Matritsa.swift; sourceTree = "<group>"; };
/* End PBXFileReference section */

/* Begin PBXFrameworksBuildPhase section */
		3724C49A2A4E871600738595 /* Frameworks */ = {
			isa = PBXFrameworksBuildPhase;
			buildActionMask = 2147483647;
			files = (
			);
			runOnlyForDeploymentPostprocessing = 0;
		};
/* End PBXFrameworksBuildPhase section */

/* Begin PBXGroup section */
		3724C4942A4E871600738595 = {
			isa = PBXGroup;
			children = (
				3724C49F2A4E871600738595 /* Bukvitsa */,
				3724C49E2A4E871600738595 /* Products */,
			);
			sourceTree = "<group>";
		};
		3724C49E2A4E871600738595 /* Products */ = {
			isa = PBXGroup;
			children = (
				3724C49D2A4E871600738595 /* Bukvitsa.app */,
			);
			name = Products;
			sourceTree = "<group>";
		};
		3724C49F2A4E871600738595 /* Bukvitsa */ = {
			isa = PBXGroup;
			children = (
				3724C4B82A4E8A5B00738595 /* App */,
				3724C4B42A4E8A3000738595 /* Bukvitsa */,
				3724C4BC2A4E8A9100738595 /* SupportingFiles */,
			);
			path = Bukvitsa;
			sourceTree = "<group>";
		};
		3724C4B42A4E8A3000738595 /* Bukvitsa */ = {
			isa = PBXGroup;
			children = (
				3724C4B72A4E8A5300738595 /* Model */,
				3724C4B62A4E8A4A00738595 /* View */,
				3724C4B52A4E8A4200738595 /* Controller */,
			);
			path = Bukvitsa;
			sourceTree = "<group>";
		};
		3724C4B52A4E8A4200738595 /* Controller */ = {
			isa = PBXGroup;
			children = (
				374711D22A5165460087C466 /* MainTableViewController.swift */,
				374711D82A517B5C0087C466 /* PageViewController.swift */,
				374711DA2A517C040087C466 /* DetailViewController.swift */,
				374711DC2A5189340087C466 /* TolkPageViewController.swift */,
				374711DE2A5189730087C466 /* TolkViewController.swift */,
			);
			path = Controller;
			sourceTree = "<group>";
		};
		3724C4B62A4E8A4A00738595 /* View */ = {
			isa = PBXGroup;
			children = (
				3724C4A62A4E871600738595 /* Main.storyboard */,
				374711D62A5166160087C466 /* DetailTableViewCell.swift */,
			);
			path = View;
			sourceTree = "<group>";
		};
		3724C4B72A4E8A5300738595 /* Model */ = {
			isa = PBXGroup;
			children = (
				374711D42A5165C90087C466 /* Bukvitsa.swift */,
				374711E02A5189970087C466 /* Matritsa.swift */,
			);
			path = Model;
			sourceTree = "<group>";
		};
		3724C4B82A4E8A5B00738595 /* App */ = {
			isa = PBXGroup;
			children = (
				3724C4BB2A4E8A7000738595 /* Model */,
				3724C4BA2A4E8A6A00738595 /* View */,
				3724C4B92A4E8A6100738595 /* Controller */,
			);
			path = App;
			sourceTree = "<group>";
		};
		3724C4B92A4E8A6100738595 /* Controller */ = {
			isa = PBXGroup;
			children = (
				3724C4A02A4E871600738595 /* AppDelegate.swift */,
				3724C4A22A4E871600738595 /* SceneDelegate.swift */,
			);
			path = Controller;
			sourceTree = "<group>";
		};
		3724C4BA2A4E8A6A00738595 /* View */ = {
			isa = PBXGroup;
			children = (
				3724C4AB2A4E871900738595 /* LaunchScreen.storyboard */,
			);
			path = View;
			sourceTree = "<group>";
		};
		3724C4BB2A4E8A7000738595 /* Model */ = {
			isa = PBXGroup;
			children = (
			);
			path = Model;
			sourceTree = "<group>";
		};
		3724C4BC2A4E8A9100738595 /* SupportingFiles */ = {
			isa = PBXGroup;
			children = (
				3724C4BD2A4E8D0A00738595 /* rodnik.otf */,
				3724C4A92A4E871900738595 /* Assets.xcassets */,
				3724C4AE2A4E871900738595 /* Info.plist */,
			);
			path = SupportingFiles;
			sourceTree = "<group>";
		};
/* End PBXGroup section */

/* Begin PBXNativeTarget section */
		3724C49C2A4E871600738595 /* Bukvitsa */ = {
			isa = PBXNativeTarget;
			buildConfigurationList = 3724C4B12A4E871900738595 /* Build configuration list for PBXNativeTarget "Bukvitsa" */;
			buildPhases = (
				3724C4992A4E871600738595 /* Sources */,
				3724C49A2A4E871600738595 /* Frameworks */,
				3724C49B2A4E871600738595 /* Resources */,
			);
			buildRules = (
			);
			dependencies = (
			);
			name = Bukvitsa;
			productName = Bukvitsa;
			productReference = 3724C49D2A4E871600738595 /* Bukvitsa.app */;
			productType = "com.apple.product-type.application";
		};
/* End PBXNativeTarget section */

/* Begin PBXProject section */
		3724C4952A4E871600738595 /* Project object */ = {
			isa = PBXProject;
			attributes = {
				BuildIndependentTargetsInParallel = 1;
				LastSwiftUpdateCheck = 1430;
				LastUpgradeCheck = 1430;
				TargetAttributes = {
					3724C49C2A4E871600738595 = {
						CreatedOnToolsVersion = 14.3.1;
					};
				};
			};
			buildConfigurationList = 3724C4982A4E871600738595 /* Build configuration list for PBXProject "Bukvitsa" */;
			compatibilityVersion = "Xcode 14.0";
			developmentRegion = en;
			hasScannedForEncodings = 0;
			knownRegions = (
				en,
				Base,
			);
			mainGroup = 3724C4942A4E871600738595;
			productRefGroup = 3724C49E2A4E871600738595 /* Products */;
			projectDirPath = "";
			projectRoot = "";
			targets = (
				3724C49C2A4E871600738595 /* Bukvitsa */,
			);
		};
/* End PBXProject section */

/* Begin PBXResourcesBuildPhase section */
		3724C49B2A4E871600738595 /* Resources */ = {
			isa = PBXResourcesBuildPhase;
			buildActionMask = 2147483647;
			files = (
				3724C4BE2A4E8D0A00738595 /* rodnik.otf in Resources */,
				3724C4AD2A4E871900738595 /* LaunchScreen.storyboard in Resources */,
				3724C4AA2A4E871900738595 /* Assets.xcassets in Resources */,
				3724C4A82A4E871600738595 /* Main.storyboard in Resources */,
			);
			runOnlyForDeploymentPostprocessing = 0;
		};
/* End PBXResourcesBuildPhase section */

/* Begin PBXSourcesBuildPhase section */
		3724C4992A4E871600738595 /* Sources */ = {
			isa = PBXSourcesBuildPhase;
			buildActionMask = 2147483647;
			files = (
				3724C4A12A4E871600738595 /* AppDelegate.swift in Sources */,
				374711D32A5165460087C466 /* MainTableViewController.swift in Sources */,
				374711E12A5189970087C466 /* Matritsa.swift in Sources */,
				374711D52A5165C90087C466 /* Bukvitsa.swift in Sources */,
				374711DF2A5189730087C466 /* TolkViewController.swift in Sources */,
				374711D92A517B5C0087C466 /* PageViewController.swift in Sources */,
				374711D72A5166160087C466 /* DetailTableViewCell.swift in Sources */,
				374711DD2A5189340087C466 /* TolkPageViewController.swift in Sources */,
				3724C4A32A4E871600738595 /* SceneDelegate.swift in Sources */,
				374711DB2A517C040087C466 /* DetailViewController.swift in Sources */,
			);
			runOnlyForDeploymentPostprocessing = 0;
		};
/* End PBXSourcesBuildPhase section */

/* Begin PBXVariantGroup section */
		3724C4A62A4E871600738595 /* Main.storyboard */ = {
			isa = PBXVariantGroup;
			children = (
				3724C4A72A4E871600738595 /* Base */,
			);
			name = Main.storyboard;
			sourceTree = "<group>";
		};
		3724C4AB2A4E871900738595 /* LaunchScreen.storyboard */ = {
			isa = PBXVariantGroup;
			children = (
				3724C4AC2A4E871900738595 /* Base */,
			);
			name = LaunchScreen.storyboard;
			sourceTree = "<group>";
		};
/* End PBXVariantGroup section */

/* Begin XCBuildConfiguration section */
		3724C4AF2A4E871900738595 /* Debug */ = {
			isa = XCBuildConfiguration;
			buildSettings = {
				ALWAYS_SEARCH_USER_PATHS = NO;
				CLANG_ANALYZER_NONNULL = YES;
				CLANG_ANALYZER_NUMBER_OBJECT_CONVERSION = YES_AGGRESSIVE;
				CLANG_CXX_LANGUAGE_STANDARD = "gnu++20";
				CLANG_ENABLE_MODULES = YES;
				CLANG_ENABLE_OBJC_ARC = YES;
				CLANG_ENABLE_OBJC_WEAK = YES;
				CLANG_WARN_BLOCK_CAPTURE_AUTORELEASING = YES;
				CLANG_WARN_BOOL_CONVERSION = YES;
				CLANG_WARN_COMMA = YES;
				CLANG_WARN_CONSTANT_CONVERSION = YES;
				CLANG_WARN_DEPRECATED_OBJC_IMPLEMENTATIONS = YES;
				CLANG_WARN_DIRECT_OBJC_ISA_USAGE = YES_ERROR;
				CLANG_WARN_DOCUMENTATION_COMMENTS = YES;
				CLANG_WARN_EMPTY_BODY = YES;
				CLANG_WARN_ENUM_CONVERSION = YES;
				CLANG_WARN_INFINITE_RECURSION = YES;
				CLANG_WARN_INT_CONVERSION = YES;
				CLANG_WARN_NON_LITERAL_NULL_CONVERSION = YES;
				CLANG_WARN_OBJC_IMPLICIT_RETAIN_SELF = YES;
				CLANG_WARN_OBJC_LITERAL_CONVERSION = YES;
				CLANG_WARN_OBJC_ROOT_CLASS = YES_ERROR;
				CLANG_WARN_QUOTED_INCLUDE_IN_FRAMEWORK_HEADER = YES;
				CLANG_WARN_RANGE_LOOP_ANALYSIS = YES;
				CLANG_WARN_STRICT_PROTOTYPES = YES;
				CLANG_WARN_SUSPICIOUS_MOVE = YES;
				CLANG_WARN_UNGUARDED_AVAILABILITY = YES_AGGRESSIVE;
				CLANG_WARN_UNREACHABLE_CODE = YES;
				CLANG_WARN__DUPLICATE_METHOD_MATCH = YES;
				COPY_PHASE_STRIP = NO;
				DEBUG_INFORMATION_FORMAT = dwarf;
				ENABLE_STRICT_OBJC_MSGSEND = YES;
				ENABLE_TESTABILITY = YES;
				GCC_C_LANGUAGE_STANDARD = gnu11;
				GCC_DYNAMIC_NO_PIC = NO;
				GCC_NO_COMMON_BLOCKS = YES;
				GCC_OPTIMIZATION_LEVEL = 0;
				GCC_PREPROCESSOR_DEFINITIONS = (
					"DEBUG=1",
					"$(inherited)",
				);
				GCC_WARN_64_TO_32_BIT_CONVERSION = YES;
				GCC_WARN_ABOUT_RETURN_TYPE = YES_ERROR;
				GCC_WARN_UNDECLARED_SELECTOR = YES;
				GCC_WARN_UNINITIALIZED_AUTOS = YES_AGGRESSIVE;
				GCC_WARN_UNUSED_FUNCTION = YES;
				GCC_WARN_UNUSED_VARIABLE = YES;
				IPHONEOS_DEPLOYMENT_TARGET = 16.4;
				MTL_ENABLE_DEBUG_INFO = INCLUDE_SOURCE;
				MTL_FAST_MATH = YES;
				ONLY_ACTIVE_ARCH = YES;
				SDKROOT = iphoneos;
				SWIFT_ACTIVE_COMPILATION_CONDITIONS = DEBUG;
				SWIFT_OPTIMIZATION_LEVEL = "-Onone";
			};
			name = Debug;
		};
		3724C4B02A4E871900738595 /* Release */ = {
			isa = XCBuildConfiguration;
			buildSettings = {
				ALWAYS_SEARCH_USER_PATHS = NO;
				CLANG_ANALYZER_NONNULL = YES;
				CLANG_ANALYZER_NUMBER_OBJECT_CONVERSION = YES_AGGRESSIVE;
				CLANG_CXX_LANGUAGE_STANDARD = "gnu++20";
				CLANG_ENABLE_MODULES = YES;
				CLANG_ENABLE_OBJC_ARC = YES;
				CLANG_ENABLE_OBJC_WEAK = YES;
				CLANG_WARN_BLOCK_CAPTURE_AUTORELEASING = YES;
				CLANG_WARN_BOOL_CONVERSION = YES;
				CLANG_WARN_COMMA = YES;
				CLANG_WARN_CONSTANT_CONVERSION = YES;
				CLANG_WARN_DEPRECATED_OBJC_IMPLEMENTATIONS = YES;
				CLANG_WARN_DIRECT_OBJC_ISA_USAGE = YES_ERROR;
				CLANG_WARN_DOCUMENTATION_COMMENTS = YES;
				CLANG_WARN_EMPTY_BODY = YES;
				CLANG_WARN_ENUM_CONVERSION = YES;
				CLANG_WARN_INFINITE_RECURSION = YES;
				CLANG_WARN_INT_CONVERSION = YES;
				CLANG_WARN_NON_LITERAL_NULL_CONVERSION = YES;
				CLANG_WARN_OBJC_IMPLICIT_RETAIN_SELF = YES;
				CLANG_WARN_OBJC_LITERAL_CONVERSION = YES;
				CLANG_WARN_OBJC_ROOT_CLASS = YES_ERROR;
				CLANG_WARN_QUOTED_INCLUDE_IN_FRAMEWORK_HEADER = YES;
				CLANG_WARN_RANGE_LOOP_ANALYSIS = YES;
				CLANG_WARN_STRICT_PROTOTYPES = YES;
				CLANG_WARN_SUSPICIOUS_MOVE = YES;
				CLANG_WARN_UNGUARDED_AVAILABILITY = YES_AGGRESSIVE;
				CLANG_WARN_UNREACHABLE_CODE = YES;
				CLANG_WARN__DUPLICATE_METHOD_MATCH = YES;
				COPY_PHASE_STRIP = NO;
				DEBUG_INFORMATION_FORMAT = "dwarf-with-dsym";
				ENABLE_NS_ASSERTIONS = NO;
				ENABLE_STRICT_OBJC_MSGSEND = YES;
				GCC_C_LANGUAGE_STANDARD = gnu11;
				GCC_NO_COMMON_BLOCKS = YES;
				GCC_WARN_64_TO_32_BIT_CONVERSION = YES;
				GCC_WARN_ABOUT_RETURN_TYPE = YES_ERROR;
				GCC_WARN_UNDECLARED_SELECTOR = YES;
				GCC_WARN_UNINITIALIZED_AUTOS = YES_AGGRESSIVE;
				GCC_WARN_UNUSED_FUNCTION = YES;
				GCC_WARN_UNUSED_VARIABLE = YES;
				IPHONEOS_DEPLOYMENT_TARGET = 16.4;
				MTL_ENABLE_DEBUG_INFO = NO;
				MTL_FAST_MATH = YES;
				SDKROOT = iphoneos;
				SWIFT_COMPILATION_MODE = wholemodule;
				SWIFT_OPTIMIZATION_LEVEL = "-O";
				VALIDATE_PRODUCT = YES;
			};
			name = Release;
		};
		3724C4B22A4E871900738595 /* Debug */ = {
			isa = XCBuildConfiguration;
			buildSettings = {
				ASSETCATALOG_COMPILER_APPICON_NAME = AppIcon;
				ASSETCATALOG_COMPILER_GLOBAL_ACCENT_COLOR_NAME = AccentColor;
				CODE_SIGN_STYLE = Automatic;
				CURRENT_PROJECT_VERSION = 1;
				DEVELOPMENT_TEAM = 35F72NUF9N;
				GENERATE_INFOPLIST_FILE = YES;
				INFOPLIST_FILE = Bukvitsa/SupportingFiles/Info.plist;
				INFOPLIST_KEY_CFBundleDisplayName = "Буквица";
				INFOPLIST_KEY_UIApplicationSupportsIndirectInputEvents = YES;
				INFOPLIST_KEY_UILaunchStoryboardName = LaunchScreen;
				INFOPLIST_KEY_UIMainStoryboardFile = Main;
				INFOPLIST_KEY_UISupportedInterfaceOrientations = UIInterfaceOrientationPortrait;
				INFOPLIST_KEY_UISupportedInterfaceOrientations_iPad = "UIInterfaceOrientationLandscapeLeft UIInterfaceOrientationLandscapeRight UIInterfaceOrientationPortrait UIInterfaceOrientationPortraitUpsideDown";
				INFOPLIST_KEY_UIUserInterfaceStyle = Light;
				IPHONEOS_DEPLOYMENT_TARGET = 15.6;
				LD_RUNPATH_SEARCH_PATHS = (
					"$(inherited)",
					"@executable_path/Frameworks",
				);
				MARKETING_VERSION = 1.0;
				PRODUCT_BUNDLE_IDENTIFIER = "ru.rus-volk.Bukvitsa";
				PRODUCT_NAME = "$(TARGET_NAME)";
				SUPPORTED_PLATFORMS = "iphoneos iphonesimulator";
				SUPPORTS_MACCATALYST = NO;
				SUPPORTS_MAC_DESIGNED_FOR_IPHONE_IPAD = NO;
				SWIFT_EMIT_LOC_STRINGS = YES;
				SWIFT_VERSION = 5.0;
				TARGETED_DEVICE_FAMILY = 1;
			};
			name = Debug;
		};
		3724C4B32A4E871900738595 /* Release */ = {
			isa = XCBuildConfiguration;
			buildSettings = {
				ASSETCATALOG_COMPILER_APPICON_NAME = AppIcon;
				ASSETCATALOG_COMPILER_GLOBAL_ACCENT_COLOR_NAME = AccentColor;
				CODE_SIGN_STYLE = Automatic;
				CURRENT_PROJECT_VERSION = 1;
				DEVELOPMENT_TEAM = 35F72NUF9N;
				GENERATE_INFOPLIST_FILE = YES;
				INFOPLIST_FILE = Bukvitsa/SupportingFiles/Info.plist;
				INFOPLIST_KEY_CFBundleDisplayName = "Буквица";
				INFOPLIST_KEY_UIApplicationSupportsIndirectInputEvents = YES;
				INFOPLIST_KEY_UILaunchStoryboardName = LaunchScreen;
				INFOPLIST_KEY_UIMainStoryboardFile = Main;
				INFOPLIST_KEY_UISupportedInterfaceOrientations = UIInterfaceOrientationPortrait;
				INFOPLIST_KEY_UISupportedInterfaceOrientations_iPad = "UIInterfaceOrientationLandscapeLeft UIInterfaceOrientationLandscapeRight UIInterfaceOrientationPortrait UIInterfaceOrientationPortraitUpsideDown";
				INFOPLIST_KEY_UIUserInterfaceStyle = Light;
				IPHONEOS_DEPLOYMENT_TARGET = 15.6;
				LD_RUNPATH_SEARCH_PATHS = (
					"$(inherited)",
					"@executable_path/Frameworks",
				);
				MARKETING_VERSION = 1.0;
				PRODUCT_BUNDLE_IDENTIFIER = "ru.rus-volk.Bukvitsa";
				PRODUCT_NAME = "$(TARGET_NAME)";
				SUPPORTED_PLATFORMS = "iphoneos iphonesimulator";
				SUPPORTS_MACCATALYST = NO;
				SUPPORTS_MAC_DESIGNED_FOR_IPHONE_IPAD = NO;
				SWIFT_EMIT_LOC_STRINGS = YES;
				SWIFT_VERSION = 5.0;
				TARGETED_DEVICE_FAMILY = 1;
			};
			name = Release;
		};
/* End XCBuildConfiguration section */

/* Begin XCConfigurationList section */
		3724C4982A4E871600738595 /* Build configuration list for PBXProject "Bukvitsa" */ = {
			isa = XCConfigurationList;
			buildConfigurations = (
				3724C4AF2A4E871900738595 /* Debug */,
				3724C4B02A4E871900738595 /* Release */,
			);
			defaultConfigurationIsVisible = 0;
			defaultConfigurationName = Release;
		};
		3724C4B12A4E871900738595 /* Build configuration list for PBXNativeTarget "Bukvitsa" */ = {
			isa = XCConfigurationList;
			buildConfigurations = (
				3724C4B22A4E871900738595 /* Debug */,
				3724C4B32A4E871900738595 /* Release */,
			);
			defaultConfigurationIsVisible = 0;
			defaultConfigurationName = Release;
		};
/* End XCConfigurationList section */
	};
	rootObject = 3724C4952A4E871600738595 /* Project object */;
}
